
Microsoft Visual Studio Solution File, Format Version 12.00
# Visual Studio 2012
Project("{FAE04EC0-301F-11D3-BF4B-00C04F79EFBC}") = "FRCApp", "FRCApp\FRCApp.csproj", "{49650F31-F6B4-43CB-A456-B518FC3B0868}"
EndProject
Global
	GlobalSection(SolutionConfigurationPlatforms) = preSolution
		Debug|Any CPU = Debug|Any CPU
		Release|Any CPU = Release|Any CPU
	EndGlobalSection
	GlobalSection(ProjectConfigurationPlatforms) = postSolution
		{49650F31-F6B4-43CB-A456-B518FC3B0868}.Debug|Any CPU.ActiveCfg = Debug|Any CPU
		{49650F31-F6B4-43CB-A456-B518FC3B0868}.Debug|Any CPU.Build.0 = Debug|Any CPU
		{49650F31-F6B4-43CB-A456-B518FC3B0868}.Release|Any CPU.ActiveCfg = Release|Any CPU
		{49650F31-F6B4-43CB-A456-B518FC3B0868}.Release|Any CPU.Build.0 = Release|Any CPU
	EndGlobalSection
	GlobalSection(SolutionProperties) = preSolution
		HideSolutionNode = FALSE
	EndGlobalSection
EndGlobal
